// !$*UTF8*$!
{
	archiveVersion = 1;
	classes = {
	};
	objectVersion = 56;
	objects = {

/* Begin PBXBuildFile section */
		841C6C10299D7265005D3C1B /* empty.usdz in Resources */ = {isa = PBXBuildFile; fileRef = 841C6C0F299D7265005D3C1B /* empty.usdz */; };
		84602361297F41C100806DDE /* AppDelegate.swift in Sources */ = {isa = PBXBuildFile; fileRef = 84602360297F41C100806DDE /* AppDelegate.swift */; };
		84602365297F41C100806DDE /* ViewController.swift in Sources */ = {isa = PBXBuildFile; fileRef = 84602364297F41C100806DDE /* ViewController.swift */; };
		84602368297F41C100806DDE /* Main.storyboard in Resources */ = {isa = PBXBuildFile; fileRef = 84602366297F41C100806DDE /* Main.storyboard */; };
		8460236A297F41C200806DDE /* Assets.xcassets in Resources */ = {isa = PBXBuildFile; fileRef = 84602369297F41C200806DDE /* Assets.xcassets */; };
		8460236D297F41C200806DDE /* LaunchScreen.storyboard in Resources */ = {isa = PBXBuildFile; fileRef = 8460236B297F41C200806DDE /* LaunchScreen.storyboard */; };
		8460237529809D8400806DDE /* Bren.swift in Sources */ = {isa = PBXBuildFile; fileRef = 8460237429809D8400806DDE /* Bren.swift */; };
		84C25ED529AF204F00955CB4 /* DataSession.swift in Sources */ = {isa = PBXBuildFile; fileRef = 84C25ED429AF204F00955CB4 /* DataSession.swift */; };
		84F87A38298D901000B3074D /* VideoSession.swift in Sources */ = {isa = PBXBuildFile; fileRef = 84F87A37298D901000B3074D /* VideoSession.swift */; };
/* End PBXBuildFile section */

/* Begin PBXFileReference section */
		841C6C0F299D7265005D3C1B /* empty.usdz */ = {isa = PBXFileReference; lastKnownFileType = file.usdz; path = empty.usdz; sourceTree = "<group>"; };
		8460235D297F41C100806DDE /* Tracky.app */ = {isa = PBXFileReference; explicitFileType = wrapper.application; includeInIndex = 0; path = Tracky.app; sourceTree = BUILT_PRODUCTS_DIR; };
		84602360297F41C100806DDE /* AppDelegate.swift */ = {isa = PBXFileReference; lastKnownFileType = sourcecode.swift; path = AppDelegate.swift; sourceTree = "<group>"; };
		84602364297F41C100806DDE /* ViewController.swift */ = {isa = PBXFileReference; lastKnownFileType = sourcecode.swift; path = ViewController.swift; sourceTree = "<group>"; };
		84602367297F41C100806DDE /* Base */ = {isa = PBXFileReference; lastKnownFileType = file.storyboard; name = Base; path = Base.lproj/Main.storyboard; sourceTree = "<group>"; };
		84602369297F41C200806DDE /* Assets.xcassets */ = {isa = PBXFileReference; lastKnownFileType = folder.assetcatalog; path = Assets.xcassets; sourceTree = "<group>"; };
		8460236C297F41C200806DDE /* Base */ = {isa = PBXFileReference; lastKnownFileType = file.storyboard; name = Base; path = Base.lproj/LaunchScreen.storyboard; sourceTree = "<group>"; };
		84602373297F493F00806DDE /* Info.plist */ = {isa = PBXFileReference; lastKnownFileType = text.plist; path = Info.plist; sourceTree = "<group>"; };
		8460237429809D8400806DDE /* Bren.swift */ = {isa = PBXFileReference; lastKnownFileType = sourcecode.swift; path = Bren.swift; sourceTree = "<group>"; };
		84C25ED429AF204F00955CB4 /* DataSession.swift */ = {isa = PBXFileReference; lastKnownFileType = sourcecode.swift; path = DataSession.swift; sourceTree = "<group>"; };
		84F87A37298D901000B3074D /* VideoSession.swift */ = {isa = PBXFileReference; lastKnownFileType = sourcecode.swift; path = VideoSession.swift; sourceTree = "<group>"; };
/* End PBXFileReference section */

/* Begin PBXFrameworksBuildPhase section */
		8460235A297F41C100806DDE /* Frameworks */ = {
			isa = PBXFrameworksBuildPhase;
			buildActionMask = 2147483647;
			files = (
			);
			runOnlyForDeploymentPostprocessing = 0;
		};
/* End PBXFrameworksBuildPhase section */

/* Begin PBXGroup section */
		84602354297F41C100806DDE = {
			isa = PBXGroup;
			children = (
				8460235F297F41C100806DDE /* Tracky */,
				8460235E297F41C100806DDE /* Products */,
			);
			sourceTree = "<group>";
		};
		8460235E297F41C100806DDE /* Products */ = {
			isa = PBXGroup;
			children = (
				8460235D297F41C100806DDE /* Tracky.app */,
			);
			name = Products;
			sourceTree = "<group>";
		};
		8460235F297F41C100806DDE /* Tracky */ = {
			isa = PBXGroup;
			children = (
				84602373297F493F00806DDE /* Info.plist */,
				84602360297F41C100806DDE /* AppDelegate.swift */,
				8460237429809D8400806DDE /* Bren.swift */,
				84602364297F41C100806DDE /* ViewController.swift */,
				84F87A37298D901000B3074D /* VideoSession.swift */,
				84C25ED429AF204F00955CB4 /* DataSession.swift */,
				84602366297F41C100806DDE /* Main.storyboard */,
				8460236B297F41C200806DDE /* LaunchScreen.storyboard */,
				84602369297F41C200806DDE /* Assets.xcassets */,
				841C6C0F299D7265005D3C1B /* empty.usdz */,
			);
			path = Tracky;
			sourceTree = "<group>";
		};
/* End PBXGroup section */

/* Begin PBXNativeTarget section */
		8460235C297F41C100806DDE /* Tracky */ = {
			isa = PBXNativeTarget;
			buildConfigurationList = 84602370297F41C200806DDE /* Build configuration list for PBXNativeTarget "Tracky" */;
			buildPhases = (
				84602359297F41C100806DDE /* Sources */,
				8460235A297F41C100806DDE /* Frameworks */,
				8460235B297F41C100806DDE /* Resources */,
			);
			buildRules = (
			);
			dependencies = (
			);
			name = Tracky;
			productName = Tracky;
			productReference = 8460235D297F41C100806DDE /* Tracky.app */;
			productType = "com.apple.product-type.application";
		};
/* End PBXNativeTarget section */

/* Begin PBXProject section */
		84602355297F41C100806DDE /* Project object */ = {
			isa = PBXProject;
			attributes = {
				BuildIndependentTargetsInParallel = 1;
				LastSwiftUpdateCheck = 1420;
				LastUpgradeCheck = 1420;
				TargetAttributes = {
					8460235C297F41C100806DDE = {
						CreatedOnToolsVersion = 14.2;
					};
				};
			};
			buildConfigurationList = 84602358297F41C100806DDE /* Build configuration list for PBXProject "Tracky" */;
			compatibilityVersion = "Xcode 14.0";
			developmentRegion = en;
			hasScannedForEncodings = 0;
			knownRegions = (
				en,
				Base,
			);
			mainGroup = 84602354297F41C100806DDE;
			productRefGroup = 8460235E297F41C100806DDE /* Products */;
			projectDirPath = "";
			projectRoot = "";
			targets = (
				8460235C297F41C100806DDE /* Tracky */,
			);
		};
/* End PBXProject section */

/* Begin PBXResourcesBuildPhase section */
		8460235B297F41C100806DDE /* Resources */ = {
			isa = PBXResourcesBuildPhase;
			buildActionMask = 2147483647;
			files = (
				8460236D297F41C200806DDE /* LaunchScreen.storyboard in Resources */,
				841C6C10299D7265005D3C1B /* empty.usdz in Resources */,
				8460236A297F41C200806DDE /* Assets.xcassets in Resources */,
				84602368297F41C100806DDE /* Main.storyboard in Resources */,
			);
			runOnlyForDeploymentPostprocessing = 0;
		};
/* End PBXResourcesBuildPhase section */

/* Begin PBXSourcesBuildPhase section */
		84602359297F41C100806DDE /* Sources */ = {
			isa = PBXSourcesBuildPhase;
			buildActionMask = 2147483647;
			files = (
				84F87A38298D901000B3074D /* VideoSession.swift in Sources */,
				84602365297F41C100806DDE /* ViewController.swift in Sources */,
				84602361297F41C100806DDE /* AppDelegate.swift in Sources */,
				84C25ED529AF204F00955CB4 /* DataSession.swift in Sources */,
				8460237529809D8400806DDE /* Bren.swift in Sources */,
			);
			runOnlyForDeploymentPostprocessing = 0;
		};
/* End PBXSourcesBuildPhase section */

/* Begin PBXVariantGroup section */
		84602366297F41C100806DDE /* Main.storyboard */ = {
			isa = PBXVariantGroup;
			children = (
				84602367297F41C100806DDE /* Base */,
			);
			name = Main.storyboard;
			sourceTree = "<group>";
		};
		8460236B297F41C200806DDE /* LaunchScreen.storyboard */ = {
			isa = PBXVariantGroup;
			children = (
				8460236C297F41C200806DDE /* Base */,
			);
			name = LaunchScreen.storyboard;
			sourceTree = "<group>";
		};
/* End PBXVariantGroup section */

/* Begin XCBuildConfiguration section */
		8460236E297F41C200806DDE /* Debug */ = {
			isa = XCBuildConfiguration;
			buildSettings = {
				ALWAYS_SEARCH_USER_PATHS = NO;
				CLANG_ANALYZER_NONNULL = YES;
				CLANG_ANALYZER_NUMBER_OBJECT_CONVERSION = YES_AGGRESSIVE;
				CLANG_CXX_LANGUAGE_STANDARD = "gnu++20";
				CLANG_ENABLE_MODULES = YES;
				CLANG_ENABLE_OBJC_ARC = YES;
				CLANG_ENABLE_OBJC_WEAK = YES;
				CLANG_WARN_BLOCK_CAPTURE_AUTORELEASING = YES;
				CLANG_WARN_BOOL_CONVERSION = YES;
				CLANG_WARN_COMMA = YES;
				CLANG_WARN_CONSTANT_CONVERSION = YES;
				CLANG_WARN_DEPRECATED_OBJC_IMPLEMENTATIONS = YES;
				CLANG_WARN_DIRECT_OBJC_ISA_USAGE = YES_ERROR;
				CLANG_WARN_DOCUMENTATION_COMMENTS = YES;
				CLANG_WARN_EMPTY_BODY = YES;
				CLANG_WARN_ENUM_CONVERSION = YES;
				CLANG_WARN_INFINITE_RECURSION = YES;
				CLANG_WARN_INT_CONVERSION = YES;
				CLANG_WARN_NON_LITERAL_NULL_CONVERSION = YES;
				CLANG_WARN_OBJC_IMPLICIT_RETAIN_SELF = YES;
				CLANG_WARN_OBJC_LITERAL_CONVERSION = YES;
				CLANG_WARN_OBJC_ROOT_CLASS = YES_ERROR;
				CLANG_WARN_QUOTED_INCLUDE_IN_FRAMEWORK_HEADER = YES;
				CLANG_WARN_RANGE_LOOP_ANALYSIS = YES;
				CLANG_WARN_STRICT_PROTOTYPES = YES;
				CLANG_WARN_SUSPICIOUS_MOVE = YES;
				CLANG_WARN_UNGUARDED_AVAILABILITY = YES_AGGRESSIVE;
				CLANG_WARN_UNREACHABLE_CODE = YES;
				CLANG_WARN__DUPLICATE_METHOD_MATCH = YES;
				COPY_PHASE_STRIP = NO;
				DEBUG_INFORMATION_FORMAT = dwarf;
				ENABLE_STRICT_OBJC_MSGSEND = YES;
				ENABLE_TESTABILITY = YES;
				GCC_C_LANGUAGE_STANDARD = gnu11;
				GCC_DYNAMIC_NO_PIC = NO;
				GCC_NO_COMMON_BLOCKS = YES;
				GCC_OPTIMIZATION_LEVEL = 0;
				GCC_PREPROCESSOR_DEFINITIONS = (
					"DEBUG=1",
					"$(inherited)",
				);
				GCC_WARN_64_TO_32_BIT_CONVERSION = YES;
				GCC_WARN_ABOUT_RETURN_TYPE = YES_ERROR;
				GCC_WARN_UNDECLARED_SELECTOR = YES;
				GCC_WARN_UNINITIALIZED_AUTOS = YES_AGGRESSIVE;
				GCC_WARN_UNUSED_FUNCTION = YES;
				GCC_WARN_UNUSED_VARIABLE = YES;
				IPHONEOS_DEPLOYMENT_TARGET = 16.2;
				MTL_ENABLE_DEBUG_INFO = INCLUDE_SOURCE;
				MTL_FAST_MATH = YES;
				ONLY_ACTIVE_ARCH = YES;
				SDKROOT = iphoneos;
				SWIFT_ACTIVE_COMPILATION_CONDITIONS = DEBUG;
				SWIFT_OPTIMIZATION_LEVEL = "-Onone";
			};
			name = Debug;
		};
		8460236F297F41C200806DDE /* Release */ = {
			isa = XCBuildConfiguration;
			buildSettings = {
				ALWAYS_SEARCH_USER_PATHS = NO;
				CLANG_ANALYZER_NONNULL = YES;
				CLANG_ANALYZER_NUMBER_OBJECT_CONVERSION = YES_AGGRESSIVE;
				CLANG_CXX_LANGUAGE_STANDARD = "gnu++20";
				CLANG_ENABLE_MODULES = YES;
				CLANG_ENABLE_OBJC_ARC = YES;
				CLANG_ENABLE_OBJC_WEAK = YES;
				CLANG_WARN_BLOCK_CAPTURE_AUTORELEASING = YES;
				CLANG_WARN_BOOL_CONVERSION = YES;
				CLANG_WARN_COMMA = YES;
				CLANG_WARN_CONSTANT_CONVERSION = YES;
				CLANG_WARN_DEPRECATED_OBJC_IMPLEMENTATIONS = YES;
				CLANG_WARN_DIRECT_OBJC_ISA_USAGE = YES_ERROR;
				CLANG_WARN_DOCUMENTATION_COMMENTS = YES;
				CLANG_WARN_EMPTY_BODY = YES;
				CLANG_WARN_ENUM_CONVERSION = YES;
				CLANG_WARN_INFINITE_RECURSION = YES;
				CLANG_WARN_INT_CONVERSION = YES;
				CLANG_WARN_NON_LITERAL_NULL_CONVERSION = YES;
				CLANG_WARN_OBJC_IMPLICIT_RETAIN_SELF = YES;
				CLANG_WARN_OBJC_LITERAL_CONVERSION = YES;
				CLANG_WARN_OBJC_ROOT_CLASS = YES_ERROR;
				CLANG_WARN_QUOTED_INCLUDE_IN_FRAMEWORK_HEADER = YES;
				CLANG_WARN_RANGE_LOOP_ANALYSIS = YES;
				CLANG_WARN_STRICT_PROTOTYPES = YES;
				CLANG_WARN_SUSPICIOUS_MOVE = YES;
				CLANG_WARN_UNGUARDED_AVAILABILITY = YES_AGGRESSIVE;
				CLANG_WARN_UNREACHABLE_CODE = YES;
				CLANG_WARN__DUPLICATE_METHOD_MATCH = YES;
				COPY_PHASE_STRIP = NO;
				DEBUG_INFORMATION_FORMAT = "dwarf-with-dsym";
				ENABLE_NS_ASSERTIONS = NO;
				ENABLE_STRICT_OBJC_MSGSEND = YES;
				GCC_C_LANGUAGE_STANDARD = gnu11;
				GCC_NO_COMMON_BLOCKS = YES;
				GCC_WARN_64_TO_32_BIT_CONVERSION = YES;
				GCC_WARN_ABOUT_RETURN_TYPE = YES_ERROR;
				GCC_WARN_UNDECLARED_SELECTOR = YES;
				GCC_WARN_UNINITIALIZED_AUTOS = YES_AGGRESSIVE;
				GCC_WARN_UNUSED_FUNCTION = YES;
				GCC_WARN_UNUSED_VARIABLE = YES;
				IPHONEOS_DEPLOYMENT_TARGET = 16.2;
				MTL_ENABLE_DEBUG_INFO = NO;
				MTL_FAST_MATH = YES;
				SDKROOT = iphoneos;
				SWIFT_COMPILATION_MODE = wholemodule;
				SWIFT_OPTIMIZATION_LEVEL = "-O";
				VALIDATE_PRODUCT = YES;
			};
			name = Release;
		};
		84602371297F41C200806DDE /* Debug */ = {
			isa = XCBuildConfiguration;
			buildSettings = {
				ASSETCATALOG_COMPILER_APPICON_NAME = AppIcon;
				ASSETCATALOG_COMPILER_GLOBAL_ACCENT_COLOR_NAME = AccentColor;
				CODE_SIGN_STYLE = Automatic;
				CURRENT_PROJECT_VERSION = 1;
				DEVELOPMENT_TEAM = 6ZYNJZSY2C;
				GENERATE_INFOPLIST_FILE = YES;
				INFOPLIST_FILE = Tracky/Info.plist;
				INFOPLIST_KEY_LSSupportsOpeningDocumentsInPlace = YES;
				INFOPLIST_KEY_NSCameraUsageDescription = "";
				INFOPLIST_KEY_UIApplicationSupportsIndirectInputEvents = YES;
				INFOPLIST_KEY_UILaunchStoryboardName = LaunchScreen;
				INFOPLIST_KEY_UIMainStoryboardFile = Main;
				INFOPLIST_KEY_UIRequiredDeviceCapabilities = arkit;
				INFOPLIST_KEY_UIStatusBarHidden = YES;
				INFOPLIST_KEY_UISupportedInterfaceOrientations_iPad = "UIInterfaceOrientationPortrait UIInterfaceOrientationPortraitUpsideDown UIInterfaceOrientationLandscapeLeft UIInterfaceOrientationLandscapeRight";
				INFOPLIST_KEY_UISupportedInterfaceOrientations_iPhone = "UIInterfaceOrientationPortrait UIInterfaceOrientationLandscapeLeft UIInterfaceOrientationLandscapeRight";
				LD_RUNPATH_SEARCH_PATHS = (
					"$(inherited)",
					"@executable_path/Frameworks",
				);
				MARKETING_VERSION = 1.0;
				PRODUCT_BUNDLE_IDENTIFIER = dev.shopify.Tracky;
				PRODUCT_NAME = "$(TARGET_NAME)";
				SWIFT_EMIT_LOC_STRINGS = YES;
				SWIFT_VERSION = 5.0;
				TARGETED_DEVICE_FAMILY = "1,2";
			};
			name = Debug;
		};
		84602372297F41C200806DDE /* Release */ = {
			isa = XCBuildConfiguration;
			buildSettings = {
				ASSETCATALOG_COMPILER_APPICON_NAME = AppIcon;
				ASSETCATALOG_COMPILER_GLOBAL_ACCENT_COLOR_NAME = AccentColor;
				CODE_SIGN_STYLE = Automatic;
				CURRENT_PROJECT_VERSION = 1;
				DEVELOPMENT_TEAM = 6ZYNJZSY2C;
				GENERATE_INFOPLIST_FILE = YES;
				INFOPLIST_FILE = Tracky/Info.plist;
				INFOPLIST_KEY_LSSupportsOpeningDocumentsInPlace = YES;
				INFOPLIST_KEY_NSCameraUsageDescription = "";
				INFOPLIST_KEY_UIApplicationSupportsIndirectInputEvents = YES;
				INFOPLIST_KEY_UILaunchStoryboardName = LaunchScreen;
				INFOPLIST_KEY_UIMainStoryboardFile = Main;
				INFOPLIST_KEY_UIRequiredDeviceCapabilities = arkit;
				INFOPLIST_KEY_UIStatusBarHidden = YES;
				INFOPLIST_KEY_UISupportedInterfaceOrientations_iPad = "UIInterfaceOrientationPortrait UIInterfaceOrientationPortraitUpsideDown UIInterfaceOrientationLandscapeLeft UIInterfaceOrientationLandscapeRight";
				INFOPLIST_KEY_UISupportedInterfaceOrientations_iPhone = "UIInterfaceOrientationPortrait UIInterfaceOrientationLandscapeLeft UIInterfaceOrientationLandscapeRight";
				LD_RUNPATH_SEARCH_PATHS = (
					"$(inherited)",
					"@executable_path/Frameworks",
				);
				MARKETING_VERSION = 1.0;
				PRODUCT_BUNDLE_IDENTIFIER = dev.shopify.Tracky;
				PRODUCT_NAME = "$(TARGET_NAME)";
				SWIFT_EMIT_LOC_STRINGS = YES;
				SWIFT_VERSION = 5.0;
				TARGETED_DEVICE_FAMILY = "1,2";
			};
			name = Release;
		};
/* End XCBuildConfiguration section */

/* Begin XCConfigurationList section */
		84602358297F41C100806DDE /* Build configuration list for PBXProject "Tracky" */ = {
			isa = XCConfigurationList;
			buildConfigurations = (
				8460236E297F41C200806DDE /* Debug */,
				8460236F297F41C200806DDE /* Release */,
			);
			defaultConfigurationIsVisible = 0;
			defaultConfigurationName = Release;
		};
		84602370297F41C200806DDE /* Build configuration list for PBXNativeTarget "Tracky" */ = {
			isa = XCConfigurationList;
			buildConfigurations = (
				84602371297F41C200806DDE /* Debug */,
				84602372297F41C200806DDE /* Release */,
			);
			defaultConfigurationIsVisible = 0;
			defaultConfigurationName = Release;
		};
/* End XCConfigurationList section */
	};
	rootObject = 84602355297F41C100806DDE /* Project object */;
}
